// !$*UTF8*$!
{
	archiveVersion = 1;
	classes = {
	};
	objectVersion = 46;
	objects = {

/* Begin PBXBuildFile section */
		54C3AD9F1CAB74BB00C6C583 /* main.m in Sources */ = {isa = PBXBuildFile; fileRef = 54C3AD9E1CAB74BB00C6C583 /* main.m */; };
		54C3ADA71CAB74D100C6C583 /* Node.m in Sources */ = {isa = PBXBuildFile; fileRef = 54C3ADA61CAB74D100C6C583 /* Node.m */; };
		54C3ADAA1CAB74E000C6C583 /* LinkList.m in Sources */ = {isa = PBXBuildFile; fileRef = 54C3ADA91CAB74E000C6C583 /* LinkList.m */; };
/* End PBXBuildFile section */

/* Begin PBXCopyFilesBuildPhase section */
		54C3AD991CAB74BB00C6C583 /* CopyFiles */ = {
			isa = PBXCopyFilesBuildPhase;
			buildActionMask = 2147483647;
			dstPath = /usr/share/man/man1/;
			dstSubfolderSpec = 0;
			files = (
			);
			runOnlyForDeploymentPostprocessing = 1;
		};
/* End PBXCopyFilesBuildPhase section */

/* Begin PBXFileReference section */
		54C3AD9B1CAB74BB00C6C583 /* LinkListDemo */ = {isa = PBXFileReference; explicitFileType = "compiled.mach-o.executable"; includeInIndex = 0; path = LinkListDemo; sourceTree = BUILT_PRODUCTS_DIR; };
		54C3AD9E1CAB74BB00C6C583 /* main.m */ = {isa = PBXFileReference; lastKnownFileType = sourcecode.c.objc; path = main.m; sourceTree = "<group>"; };
		54C3ADA51CAB74D100C6C583 /* Node.h */ = {isa = PBXFileReference; fileEncoding = 4; lastKnownFileType = sourcecode.c.h; path = Node.h; sourceTree = "<group>"; };
		54C3ADA61CAB74D100C6C583 /* Node.m */ = {isa = PBXFileReference; fileEncoding = 4; lastKnownFileType = sourcecode.c.objc; path = Node.m; sourceTree = "<group>"; };
		54C3ADA81CAB74E000C6C583 /* LinkList.h */ = {isa = PBXFileReference; fileEncoding = 4; lastKnownFileType = sourcecode.c.h; path = LinkList.h; sourceTree = "<group>"; };
		54C3ADA91CAB74E000C6C583 /* LinkList.m */ = {isa = PBXFileReference; fileEncoding = 4; lastKnownFileType = sourcecode.c.objc; path = LinkList.m; sourceTree = "<group>"; };
/* End PBXFileReference section */

/* Begin PBXFrameworksBuildPhase section */
		54C3AD981CAB74BB00C6C583 /* Frameworks */ = {
			isa = PBXFrameworksBuildPhase;
			buildActionMask = 2147483647;
			files = (
			);
			runOnlyForDeploymentPostprocessing = 0;
		};
/* End PBXFrameworksBuildPhase section */

/* Begin PBXGroup section */
		54C3AD921CAB74BB00C6C583 = {
			isa = PBXGroup;
			children = (
				54C3AD9D1CAB74BB00C6C583 /* LinkListDemo */,
				54C3AD9C1CAB74BB00C6C583 /* Products */,
			);
			sourceTree = "<group>";
		};
		54C3AD9C1CAB74BB00C6C583 /* Products */ = {
			isa = PBXGroup;
			children = (
				54C3AD9B1CAB74BB00C6C583 /* LinkListDemo */,
			);
			name = Products;
			sourceTree = "<group>";
		};
		54C3AD9D1CAB74BB00C6C583 /* LinkListDemo */ = {
			isa = PBXGroup;
			children = (
				54C3AD9E1CAB74BB00C6C583 /* main.m */,
				54C3ADA51CAB74D100C6C583 /* Node.h */,
				54C3ADA61CAB74D100C6C583 /* Node.m */,
				54C3ADA81CAB74E000C6C583 /* LinkList.h */,
				54C3ADA91CAB74E000C6C583 /* LinkList.m */,
			);
			path = LinkListDemo;
			sourceTree = "<group>";
		};
/* End PBXGroup section */

/* Begin PBXNativeTarget section */
		54C3AD9A1CAB74BB00C6C583 /* LinkListDemo */ = {
			isa = PBXNativeTarget;
			buildConfigurationList = 54C3ADA21CAB74BB00C6C583 /* Build configuration list for PBXNativeTarget "LinkListDemo" */;
			buildPhases = (
				54C3AD971CAB74BB00C6C583 /* Sources */,
				54C3AD981CAB74BB00C6C583 /* Frameworks */,
				54C3AD991CAB74BB00C6C583 /* CopyFiles */,
			);
			buildRules = (
			);
			dependencies = (
			);
			name = LinkListDemo;
			productName = LinkListDemo;
			productReference = 54C3AD9B1CAB74BB00C6C583 /* LinkListDemo */;
			productType = "com.apple.product-type.tool";
		};
/* End PBXNativeTarget section */

/* Begin PBXProject section */
		54C3AD931CAB74BB00C6C583 /* Project object */ = {
			isa = PBXProject;
			attributes = {
				LastUpgradeCheck = 0730;
				ORGANIZATIONNAME = zhangfei;
				TargetAttributes = {
					54C3AD9A1CAB74BB00C6C583 = {
						CreatedOnToolsVersion = 7.3;
					};
				};
			};
			buildConfigurationList = 54C3AD961CAB74BB00C6C583 /* Build configuration list for PBXProject "LinkListDemo" */;
			compatibilityVersion = "Xcode 3.2";
			developmentRegion = English;
			hasScannedForEncodings = 0;
			knownRegions = (
				en,
			);
			mainGroup = 54C3AD921CAB74BB00C6C583;
			productRefGroup = 54C3AD9C1CAB74BB00C6C583 /* Products */;
			projectDirPath = "";
			projectRoot = "";
			targets = (
				54C3AD9A1CAB74BB00C6C583 /* LinkListDemo */,
			);
		};
/* End PBXProject section */

/* Begin PBXSourcesBuildPhase section */
		54C3AD971CAB74BB00C6C583 /* Sources */ = {
			isa = PBXSourcesBuildPhase;
			buildActionMask = 2147483647;
			files = (
				54C3ADAA1CAB74E000C6C583 /* LinkList.m in Sources */,
				54C3AD9F1CAB74BB00C6C583 /* main.m in Sources */,
				54C3ADA71CAB74D100C6C583 /* Node.m in Sources */,
			);
			runOnlyForDeploymentPostprocessing = 0;
		};
/* End PBXSourcesBuildPhase section */

/* Begin XCBuildConfiguration section */
		54C3ADA01CAB74BB00C6C583 /* Debug */ = {
			isa = XCBuildConfiguration;
			buildSettings = {
				ALWAYS_SEARCH_USER_PATHS = NO;
				CLANG_ANALYZER_NONNULL = YES;
				CLANG_CXX_LANGUAGE_STANDARD = "gnu++0x";
				CLANG_CXX_LIBRARY = "libc++";
				CLANG_ENABLE_MODULES = YES;
				CLANG_ENABLE_OBJC_ARC = YES;
				CLANG_WARN_BOOL_CONVERSION = YES;
				CLANG_WARN_CONSTANT_CONVERSION = YES;
				CLANG_WARN_DIRECT_OBJC_ISA_USAGE = YES_ERROR;
				CLANG_WARN_EMPTY_BODY = YES;
				CLANG_WARN_ENUM_CONVERSION = YES;
				CLANG_WARN_INT_CONVERSION = YES;
				CLANG_WARN_OBJC_ROOT_CLASS = YES_ERROR;
				CLANG_WARN_UNREACHABLE_CODE = YES;
				CLANG_WARN__DUPLICATE_METHOD_MATCH = YES;
				CODE_SIGN_IDENTITY = "-";
				COPY_PHASE_STRIP = NO;
				DEBUG_INFORMATION_FORMAT = dwarf;
				ENABLE_STRICT_OBJC_MSGSEND = YES;
				ENABLE_TESTABILITY = YES;
				GCC_C_LANGUAGE_STANDARD = gnu99;
				GCC_DYNAMIC_NO_PIC = NO;
				GCC_NO_COMMON_BLOCKS = YES;
				GCC_OPTIMIZATION_LEVEL = 0;
				GCC_PREPROCESSOR_DEFINITIONS = (
					"DEBUG=1",
					"$(inherited)",
				);
				GCC_WARN_64_TO_32_BIT_CONVERSION = YES;
				GCC_WARN_ABOUT_RETURN_TYPE = YES_ERROR;
				GCC_WARN_UNDECLARED_SELECTOR = YES;
				GCC_WARN_UNINITIALIZED_AUTOS = YES_AGGRESSIVE;
				GCC_WARN_UNUSED_FUNCTION = YES;
				GCC_WARN_UNUSED_VARIABLE = YES;
				MACOSX_DEPLOYMENT_TARGET = 10.11;
				MTL_ENABLE_DEBUG_INFO = YES;
				ONLY_ACTIVE_ARCH = YES;
				SDKROOT = macosx;
			};
			name = Debug;
		};
		54C3ADA11CAB74BB00C6C583 /* Release */ = {
			isa = XCBuildConfiguration;
			buildSettings = {
				ALWAYS_SEARCH_USER_PATHS = NO;
				CLANG_ANALYZER_NONNULL = YES;
				CLANG_CXX_LANGUAGE_STANDARD = "gnu++0x";
				CLANG_CXX_LIBRARY = "libc++";
				CLANG_ENABLE_MODULES = YES;
				CLANG_ENABLE_OBJC_ARC = YES;
				CLANG_WARN_BOOL_CONVERSION = YES;
				CLANG_WARN_CONSTANT_CONVERSION = YES;
				CLANG_WARN_DIRECT_OBJC_ISA_USAGE = YES_ERROR;
				CLANG_WARN_EMPTY_BODY = YES;
				CLANG_WARN_ENUM_CONVERSION = YES;
				CLANG_WARN_INT_CONVERSION = YES;
				CLANG_WARN_OBJC_ROOT_CLASS = YES_ERROR;
				CLANG_WARN_UNREACHABLE_CODE = YES;
				CLANG_WARN__DUPLICATE_METHOD_MATCH = YES;
				CODE_SIGN_IDENTITY = "-";
				COPY_PHASE_STRIP = NO;
				DEBUG_INFORMATION_FORMAT = "dwarf-with-dsym";
				ENABLE_NS_ASSERTIONS = NO;
				ENABLE_STRICT_OBJC_MSGSEND = YES;
				GCC_C_LANGUAGE_STANDARD = gnu99;
				GCC_NO_COMMON_BLOCKS = YES;
				GCC_WARN_64_TO_32_BIT_CONVERSION = YES;
				GCC_WARN_ABOUT_RETURN_TYPE = YES_ERROR;
				GCC_WARN_UNDECLARED_SELECTOR = YES;
				GCC_WARN_UNINITIALIZED_AUTOS = YES_AGGRESSIVE;
				GCC_WARN_UNUSED_FUNCTION = YES;
				GCC_WARN_UNUSED_VARIABLE = YES;
				MACOSX_DEPLOYMENT_TARGET = 10.11;
				MTL_ENABLE_DEBUG_INFO = NO;
				SDKROOT = macosx;
			};
			name = Release;
		};
		54C3ADA31CAB74BB00C6C583 /* Debug */ = {
			isa = XCBuildConfiguration;
			buildSettings = {
				PRODUCT_NAME = "$(TARGET_NAME)";
			};
			name = Debug;
		};
		54C3ADA41CAB74BB00C6C583 /* Release */ = {
			isa = XCBuildConfiguration;
			buildSettings = {
				PRODUCT_NAME = "$(TARGET_NAME)";
			};
			name = Release;
		};
/* End XCBuildConfiguration section */

/* Begin XCConfigurationList section */
		54C3AD961CAB74BB00C6C583 /* Build configuration list for PBXProject "LinkListDemo" */ = {
			isa = XCConfigurationList;
			buildConfigurations = (
				54C3ADA01CAB74BB00C6C583 /* Debug */,
				54C3ADA11CAB74BB00C6C583 /* Release */,
			);
			defaultConfigurationIsVisible = 0;
			defaultConfigurationName = Release;
		};
		54C3ADA21CAB74BB00C6C583 /* Build configuration list for PBXNativeTarget "LinkListDemo" */ = {
			isa = XCConfigurationList;
			buildConfigurations = (
				54C3ADA31CAB74BB00C6C583 /* Debug */,
				54C3ADA41CAB74BB00C6C583 /* Release */,
			);
			defaultConfigurationIsVisible = 0;
		};
/* End XCConfigurationList section */
	};
	rootObject = 54C3AD931CAB74BB00C6C583 /* Project object */;
}
